// !$*UTF8*$!
{
	archiveVersion = 1;
	classes = {
	};
	objectVersion = 56;
	objects = {

/* Begin PBXBuildFile section */
		8B28DC31293F3A3900F5565F /* AppDelegate.swift in Sources */ = {isa = PBXBuildFile; fileRef = 8B28DC30293F3A3900F5565F /* AppDelegate.swift */; };
		8B28DC33293F3A3900F5565F /* SceneDelegate.swift in Sources */ = {isa = PBXBuildFile; fileRef = 8B28DC32293F3A3900F5565F /* SceneDelegate.swift */; };
		8B28DC35293F3A3900F5565F /* TaskListViewController.swift in Sources */ = {isa = PBXBuildFile; fileRef = 8B28DC34293F3A3900F5565F /* TaskListViewController.swift */; };
		8B28DC3B293F3A3900F5565F /* TaskListDemo.xcdatamodeld in Sources */ = {isa = PBXBuildFile; fileRef = 8B28DC39293F3A3900F5565F /* TaskListDemo.xcdatamodeld */; };
		8B28DC3D293F3A3B00F5565F /* Assets.xcassets in Resources */ = {isa = PBXBuildFile; fileRef = 8B28DC3C293F3A3B00F5565F /* Assets.xcassets */; };
		8B28DC40293F3A3B00F5565F /* LaunchScreen.storyboard in Resources */ = {isa = PBXBuildFile; fileRef = 8B28DC3E293F3A3B00F5565F /* LaunchScreen.storyboard */; };
		8B28DC48293F414600F5565F /* AlertController.swift in Sources */ = {isa = PBXBuildFile; fileRef = 8B28DC47293F414600F5565F /* AlertController.swift */; };
		8B28DC4A293F416200F5565F /* StorageManager.swift in Sources */ = {isa = PBXBuildFile; fileRef = 8B28DC49293F416200F5565F /* StorageManager.swift */; };
/* End PBXBuildFile section */

/* Begin PBXFileReference section */
		8B28DC2D293F3A3900F5565F /* TaskListDemo.app */ = {isa = PBXFileReference; explicitFileType = wrapper.application; includeInIndex = 0; path = TaskListDemo.app; sourceTree = BUILT_PRODUCTS_DIR; };
		8B28DC30293F3A3900F5565F /* AppDelegate.swift */ = {isa = PBXFileReference; lastKnownFileType = sourcecode.swift; path = AppDelegate.swift; sourceTree = "<group>"; };
		8B28DC32293F3A3900F5565F /* SceneDelegate.swift */ = {isa = PBXFileReference; lastKnownFileType = sourcecode.swift; path = SceneDelegate.swift; sourceTree = "<group>"; };
		8B28DC34293F3A3900F5565F /* TaskListViewController.swift */ = {isa = PBXFileReference; lastKnownFileType = sourcecode.swift; path = TaskListViewController.swift; sourceTree = "<group>"; };
		8B28DC3A293F3A3900F5565F /* TaskListDemo.xcdatamodel */ = {isa = PBXFileReference; lastKnownFileType = wrapper.xcdatamodel; path = TaskListDemo.xcdatamodel; sourceTree = "<group>"; };
		8B28DC3C293F3A3B00F5565F /* Assets.xcassets */ = {isa = PBXFileReference; lastKnownFileType = folder.assetcatalog; path = Assets.xcassets; sourceTree = "<group>"; };
		8B28DC3F293F3A3B00F5565F /* Base */ = {isa = PBXFileReference; lastKnownFileType = file.storyboard; name = Base; path = Base.lproj/LaunchScreen.storyboard; sourceTree = "<group>"; };
		8B28DC41293F3A3B00F5565F /* Info.plist */ = {isa = PBXFileReference; lastKnownFileType = text.plist.xml; path = Info.plist; sourceTree = "<group>"; };
		8B28DC47293F414600F5565F /* AlertController.swift */ = {isa = PBXFileReference; lastKnownFileType = sourcecode.swift; path = AlertController.swift; sourceTree = "<group>"; };
		8B28DC49293F416200F5565F /* StorageManager.swift */ = {isa = PBXFileReference; lastKnownFileType = sourcecode.swift; path = StorageManager.swift; sourceTree = "<group>"; };
/* End PBXFileReference section */

/* Begin PBXFrameworksBuildPhase section */
		8B28DC2A293F3A3900F5565F /* Frameworks */ = {
			isa = PBXFrameworksBuildPhase;
			buildActionMask = 2147483647;
			files = (
			);
			runOnlyForDeploymentPostprocessing = 0;
		};
/* End PBXFrameworksBuildPhase section */

/* Begin PBXGroup section */
		8B28DC24293F3A3900F5565F = {
			isa = PBXGroup;
			children = (
				8B28DC2F293F3A3900F5565F /* TaskListDemo */,
				8B28DC2E293F3A3900F5565F /* Products */,
			);
			sourceTree = "<group>";
		};
		8B28DC2E293F3A3900F5565F /* Products */ = {
			isa = PBXGroup;
			children = (
				8B28DC2D293F3A3900F5565F /* TaskListDemo.app */,
			);
			name = Products;
			sourceTree = "<group>";
		};
		8B28DC2F293F3A3900F5565F /* TaskListDemo */ = {
			isa = PBXGroup;
			children = (
				8B28DC30293F3A3900F5565F /* AppDelegate.swift */,
				8B28DC32293F3A3900F5565F /* SceneDelegate.swift */,
				8B28DC34293F3A3900F5565F /* TaskListViewController.swift */,
				8B28DC49293F416200F5565F /* StorageManager.swift */,
				8B28DC47293F414600F5565F /* AlertController.swift */,
				8B28DC3C293F3A3B00F5565F /* Assets.xcassets */,
				8B28DC3E293F3A3B00F5565F /* LaunchScreen.storyboard */,
				8B28DC41293F3A3B00F5565F /* Info.plist */,
				8B28DC39293F3A3900F5565F /* TaskListDemo.xcdatamodeld */,
			);
			path = TaskListDemo;
			sourceTree = "<group>";
		};
/* End PBXGroup section */

/* Begin PBXNativeTarget section */
		8B28DC2C293F3A3900F5565F /* TaskListDemo */ = {
			isa = PBXNativeTarget;
			buildConfigurationList = 8B28DC44293F3A3B00F5565F /* Build configuration list for PBXNativeTarget "TaskListDemo" */;
			buildPhases = (
				8B28DC29293F3A3900F5565F /* Sources */,
				8B28DC2A293F3A3900F5565F /* Frameworks */,
				8B28DC2B293F3A3900F5565F /* Resources */,
			);
			buildRules = (
			);
			dependencies = (
			);
			name = TaskListDemo;
			productName = TaskListDemo;
			productReference = 8B28DC2D293F3A3900F5565F /* TaskListDemo.app */;
			productType = "com.apple.product-type.application";
		};
/* End PBXNativeTarget section */

/* Begin PBXProject section */
		8B28DC25293F3A3900F5565F /* Project object */ = {
			isa = PBXProject;
			attributes = {
				BuildIndependentTargetsInParallel = 1;
				LastSwiftUpdateCheck = 1400;
				LastUpgradeCheck = 1400;
				TargetAttributes = {
					8B28DC2C293F3A3900F5565F = {
						CreatedOnToolsVersion = 14.0.1;
					};
				};
			};
			buildConfigurationList = 8B28DC28293F3A3900F5565F /* Build configuration list for PBXProject "TaskListDemo" */;
			compatibilityVersion = "Xcode 14.0";
			developmentRegion = en;
			hasScannedForEncodings = 0;
			knownRegions = (
				en,
				Base,
			);
			mainGroup = 8B28DC24293F3A3900F5565F;
			productRefGroup = 8B28DC2E293F3A3900F5565F /* Products */;
			projectDirPath = "";
			projectRoot = "";
			targets = (
				8B28DC2C293F3A3900F5565F /* TaskListDemo */,
			);
		};
/* End PBXProject section */

/* Begin PBXResourcesBuildPhase section */
		8B28DC2B293F3A3900F5565F /* Resources */ = {
			isa = PBXResourcesBuildPhase;
			buildActionMask = 2147483647;
			files = (
				8B28DC40293F3A3B00F5565F /* LaunchScreen.storyboard in Resources */,
				8B28DC3D293F3A3B00F5565F /* Assets.xcassets in Resources */,
			);
			runOnlyForDeploymentPostprocessing = 0;
		};
/* End PBXResourcesBuildPhase section */

/* Begin PBXSourcesBuildPhase section */
		8B28DC29293F3A3900F5565F /* Sources */ = {
			isa = PBXSourcesBuildPhase;
			buildActionMask = 2147483647;
			files = (
				8B28DC35293F3A3900F5565F /* TaskListViewController.swift in Sources */,
				8B28DC48293F414600F5565F /* AlertController.swift in Sources */,
				8B28DC3B293F3A3900F5565F /* TaskListDemo.xcdatamodeld in Sources */,
				8B28DC4A293F416200F5565F /* StorageManager.swift in Sources */,
				8B28DC31293F3A3900F5565F /* AppDelegate.swift in Sources */,
				8B28DC33293F3A3900F5565F /* SceneDelegate.swift in Sources */,
			);
			runOnlyForDeploymentPostprocessing = 0;
		};
/* End PBXSourcesBuildPhase section */

/* Begin PBXVariantGroup section */
		8B28DC3E293F3A3B00F5565F /* LaunchScreen.storyboard */ = {
			isa = PBXVariantGroup;
			children = (
				8B28DC3F293F3A3B00F5565F /* Base */,
			);
			name = LaunchScreen.storyboard;
			sourceTree = "<group>";
		};
/* End PBXVariantGroup section */

/* Begin XCBuildConfiguration section */
		8B28DC42293F3A3B00F5565F /* Debug */ = {
			isa = XCBuildConfiguration;
			buildSettings = {
				ALWAYS_SEARCH_USER_PATHS = NO;
				CLANG_ANALYZER_NONNULL = YES;
				CLANG_ANALYZER_NUMBER_OBJECT_CONVERSION = YES_AGGRESSIVE;
				CLANG_CXX_LANGUAGE_STANDARD = "gnu++20";
				CLANG_ENABLE_MODULES = YES;
				CLANG_ENABLE_OBJC_ARC = YES;
				CLANG_ENABLE_OBJC_WEAK = YES;
				CLANG_WARN_BLOCK_CAPTURE_AUTORELEASING = YES;
				CLANG_WARN_BOOL_CONVERSION = YES;
				CLANG_WARN_COMMA = YES;
				CLANG_WARN_CONSTANT_CONVERSION = YES;
				CLANG_WARN_DEPRECATED_OBJC_IMPLEMENTATIONS = YES;
				CLANG_WARN_DIRECT_OBJC_ISA_USAGE = YES_ERROR;
				CLANG_WARN_DOCUMENTATION_COMMENTS = YES;
				CLANG_WARN_EMPTY_BODY = YES;
				CLANG_WARN_ENUM_CONVERSION = YES;
				CLANG_WARN_INFINITE_RECURSION = YES;
				CLANG_WARN_INT_CONVERSION = YES;
				CLANG_WARN_NON_LITERAL_NULL_CONVERSION = YES;
				CLANG_WARN_OBJC_IMPLICIT_RETAIN_SELF = YES;
				CLANG_WARN_OBJC_LITERAL_CONVERSION = YES;
				CLANG_WARN_OBJC_ROOT_CLASS = YES_ERROR;
				CLANG_WARN_QUOTED_INCLUDE_IN_FRAMEWORK_HEADER = YES;
				CLANG_WARN_RANGE_LOOP_ANALYSIS = YES;
				CLANG_WARN_STRICT_PROTOTYPES = YES;
				CLANG_WARN_SUSPICIOUS_MOVE = YES;
				CLANG_WARN_UNGUARDED_AVAILABILITY = YES_AGGRESSIVE;
				CLANG_WARN_UNREACHABLE_CODE = YES;
				CLANG_WARN__DUPLICATE_METHOD_MATCH = YES;
				COPY_PHASE_STRIP = NO;
				DEBUG_INFORMATION_FORMAT = dwarf;
				ENABLE_STRICT_OBJC_MSGSEND = YES;
				ENABLE_TESTABILITY = YES;
				GCC_C_LANGUAGE_STANDARD = gnu11;
				GCC_DYNAMIC_NO_PIC = NO;
				GCC_NO_COMMON_BLOCKS = YES;
				GCC_OPTIMIZATION_LEVEL = 0;
				GCC_PREPROCESSOR_DEFINITIONS = (
					"DEBUG=1",
					"$(inherited)",
				);
				GCC_WARN_64_TO_32_BIT_CONVERSION = YES;
				GCC_WARN_ABOUT_RETURN_TYPE = YES_ERROR;
				GCC_WARN_UNDECLARED_SELECTOR = YES;
				GCC_WARN_UNINITIALIZED_AUTOS = YES_AGGRESSIVE;
				GCC_WARN_UNUSED_FUNCTION = YES;
				GCC_WARN_UNUSED_VARIABLE = YES;
				IPHONEOS_DEPLOYMENT_TARGET = 16.0;
				MTL_ENABLE_DEBUG_INFO = INCLUDE_SOURCE;
				MTL_FAST_MATH = YES;
				ONLY_ACTIVE_ARCH = YES;
				SDKROOT = iphoneos;
				SWIFT_ACTIVE_COMPILATION_CONDITIONS = DEBUG;
				SWIFT_OPTIMIZATION_LEVEL = "-Onone";
			};
			name = Debug;
		};
		8B28DC43293F3A3B00F5565F /* Release */ = {
			isa = XCBuildConfiguration;
			buildSettings = {
				ALWAYS_SEARCH_USER_PATHS = NO;
				CLANG_ANALYZER_NONNULL = YES;
				CLANG_ANALYZER_NUMBER_OBJECT_CONVERSION = YES_AGGRESSIVE;
				CLANG_CXX_LANGUAGE_STANDARD = "gnu++20";
				CLANG_ENABLE_MODULES = YES;
				CLANG_ENABLE_OBJC_ARC = YES;
				CLANG_ENABLE_OBJC_WEAK = YES;
				CLANG_WARN_BLOCK_CAPTURE_AUTORELEASING = YES;
				CLANG_WARN_BOOL_CONVERSION = YES;
				CLANG_WARN_COMMA = YES;
				CLANG_WARN_CONSTANT_CONVERSION = YES;
				CLANG_WARN_DEPRECATED_OBJC_IMPLEMENTATIONS = YES;
				CLANG_WARN_DIRECT_OBJC_ISA_USAGE = YES_ERROR;
				CLANG_WARN_DOCUMENTATION_COMMENTS = YES;
				CLANG_WARN_EMPTY_BODY = YES;
				CLANG_WARN_ENUM_CONVERSION = YES;
				CLANG_WARN_INFINITE_RECURSION = YES;
				CLANG_WARN_INT_CONVERSION = YES;
				CLANG_WARN_NON_LITERAL_NULL_CONVERSION = YES;
				CLANG_WARN_OBJC_IMPLICIT_RETAIN_SELF = YES;
				CLANG_WARN_OBJC_LITERAL_CONVERSION = YES;
				CLANG_WARN_OBJC_ROOT_CLASS = YES_ERROR;
				CLANG_WARN_QUOTED_INCLUDE_IN_FRAMEWORK_HEADER = YES;
				CLANG_WARN_RANGE_LOOP_ANALYSIS = YES;
				CLANG_WARN_STRICT_PROTOTYPES = YES;
				CLANG_WARN_SUSPICIOUS_MOVE = YES;
				CLANG_WARN_UNGUARDED_AVAILABILITY = YES_AGGRESSIVE;
				CLANG_WARN_UNREACHABLE_CODE = YES;
				CLANG_WARN__DUPLICATE_METHOD_MATCH = YES;
				COPY_PHASE_STRIP = NO;
				DEBUG_INFORMATION_FORMAT = "dwarf-with-dsym";
				ENABLE_NS_ASSERTIONS = NO;
				ENABLE_STRICT_OBJC_MSGSEND = YES;
				GCC_C_LANGUAGE_STANDARD = gnu11;
				GCC_NO_COMMON_BLOCKS = YES;
				GCC_WARN_64_TO_32_BIT_CONVERSION = YES;
				GCC_WARN_ABOUT_RETURN_TYPE = YES_ERROR;
				GCC_WARN_UNDECLARED_SELECTOR = YES;
				GCC_WARN_UNINITIALIZED_AUTOS = YES_AGGRESSIVE;
				GCC_WARN_UNUSED_FUNCTION = YES;
				GCC_WARN_UNUSED_VARIABLE = YES;
				IPHONEOS_DEPLOYMENT_TARGET = 16.0;
				MTL_ENABLE_DEBUG_INFO = NO;
				MTL_FAST_MATH = YES;
				SDKROOT = iphoneos;
				SWIFT_COMPILATION_MODE = wholemodule;
				SWIFT_OPTIMIZATION_LEVEL = "-O";
				VALIDATE_PRODUCT = YES;
			};
			name = Release;
		};
		8B28DC45293F3A3B00F5565F /* Debug */ = {
			isa = XCBuildConfiguration;
			buildSettings = {
				ASSETCATALOG_COMPILER_APPICON_NAME = AppIcon;
				ASSETCATALOG_COMPILER_GLOBAL_ACCENT_COLOR_NAME = AccentColor;
				CODE_SIGN_STYLE = Automatic;
				CURRENT_PROJECT_VERSION = 1;
				DEVELOPMENT_TEAM = N8Q8QKH896;
				GENERATE_INFOPLIST_FILE = YES;
				INFOPLIST_FILE = TaskListDemo/Info.plist;
				INFOPLIST_KEY_UIApplicationSupportsIndirectInputEvents = YES;
				INFOPLIST_KEY_UILaunchStoryboardName = LaunchScreen;
				INFOPLIST_KEY_UIStatusBarStyle = UIStatusBarStyleLightContent;
				INFOPLIST_KEY_UISupportedInterfaceOrientations_iPad = "UIInterfaceOrientationPortrait UIInterfaceOrientationPortraitUpsideDown UIInterfaceOrientationLandscapeLeft UIInterfaceOrientationLandscapeRight";
				INFOPLIST_KEY_UISupportedInterfaceOrientations_iPhone = "UIInterfaceOrientationPortrait UIInterfaceOrientationLandscapeLeft UIInterfaceOrientationLandscapeRight";
				LD_RUNPATH_SEARCH_PATHS = (
					"$(inherited)",
					"@executable_path/Frameworks",
				);
				MARKETING_VERSION = 1.0;
				PRODUCT_BUNDLE_IDENTIFIER = pptichka.TaskListDemo;
				PRODUCT_NAME = "$(TARGET_NAME)";
				SWIFT_EMIT_LOC_STRINGS = YES;
				SWIFT_VERSION = 5.0;
				TARGETED_DEVICE_FAMILY = "1,2";
			};
			name = Debug;
		};
		8B28DC46293F3A3B00F5565F /* Release */ = {
			isa = XCBuildConfiguration;
			buildSettings = {
				ASSETCATALOG_COMPILER_APPICON_NAME = AppIcon;
				ASSETCATALOG_COMPILER_GLOBAL_ACCENT_COLOR_NAME = AccentColor;
				CODE_SIGN_STYLE = Automatic;
				CURRENT_PROJECT_VERSION = 1;
				DEVELOPMENT_TEAM = N8Q8QKH896;
				GENERATE_INFOPLIST_FILE = YES;
				INFOPLIST_FILE = TaskListDemo/Info.plist;
				INFOPLIST_KEY_UIApplicationSupportsIndirectInputEvents = YES;
				INFOPLIST_KEY_UILaunchStoryboardName = LaunchScreen;
				INFOPLIST_KEY_UIStatusBarStyle = UIStatusBarStyleLightContent;
				INFOPLIST_KEY_UISupportedInterfaceOrientations_iPad = "UIInterfaceOrientationPortrait UIInterfaceOrientationPortraitUpsideDown UIInterfaceOrientationLandscapeLeft UIInterfaceOrientationLandscapeRight";
				INFOPLIST_KEY_UISupportedInterfaceOrientations_iPhone = "UIInterfaceOrientationPortrait UIInterfaceOrientationLandscapeLeft UIInterfaceOrientationLandscapeRight";
				LD_RUNPATH_SEARCH_PATHS = (
					"$(inherited)",
					"@executable_path/Frameworks",
				);
				MARKETING_VERSION = 1.0;
				PRODUCT_BUNDLE_IDENTIFIER = pptichka.TaskListDemo;
				PRODUCT_NAME = "$(TARGET_NAME)";
				SWIFT_EMIT_LOC_STRINGS = YES;
				SWIFT_VERSION = 5.0;
				TARGETED_DEVICE_FAMILY = "1,2";
			};
			name = Release;
		};
/* End XCBuildConfiguration section */

/* Begin XCConfigurationList section */
		8B28DC28293F3A3900F5565F /* Build configuration list for PBXProject "TaskListDemo" */ = {
			isa = XCConfigurationList;
			buildConfigurations = (
				8B28DC42293F3A3B00F5565F /* Debug */,
				8B28DC43293F3A3B00F5565F /* Release */,
			);
			defaultConfigurationIsVisible = 0;
			defaultConfigurationName = Release;
		};
		8B28DC44293F3A3B00F5565F /* Build configuration list for PBXNativeTarget "TaskListDemo" */ = {
			isa = XCConfigurationList;
			buildConfigurations = (
				8B28DC45293F3A3B00F5565F /* Debug */,
				8B28DC46293F3A3B00F5565F /* Release */,
			);
			defaultConfigurationIsVisible = 0;
			defaultConfigurationName = Release;
		};
/* End XCConfigurationList section */

/* Begin XCVersionGroup section */
		8B28DC39293F3A3900F5565F /* TaskListDemo.xcdatamodeld */ = {
			isa = XCVersionGroup;
			children = (
				8B28DC3A293F3A3900F5565F /* TaskListDemo.xcdatamodel */,
			);
			currentVersion = 8B28DC3A293F3A3900F5565F /* TaskListDemo.xcdatamodel */;
			path = TaskListDemo.xcdatamodeld;
			sourceTree = "<group>";
			versionGroupType = wrapper.xcdatamodel;
		};
/* End XCVersionGroup section */
	};
	rootObject = 8B28DC25293F3A3900F5565F /* Project object */;
}
